// !$*UTF8*$!
{
	archiveVersion = 1;
	classes = {
	};
	objectVersion = 50;
	objects = {

/* Begin PBXBuildFile section */
		DD025F79214906A3001C46E6 /* mirai.mp4 in Resources */ = {isa = PBXBuildFile; fileRef = DD025F78214906A3001C46E6 /* mirai.mp4 */; };
		DD4DF9B021440E55002B1EF4 /* AppDelegate.swift in Sources */ = {isa = PBXBuildFile; fileRef = DD4DF9AF21440E55002B1EF4 /* AppDelegate.swift */; };
		DD4DF9B221440E55002B1EF4 /* ViewController.swift in Sources */ = {isa = PBXBuildFile; fileRef = DD4DF9B121440E55002B1EF4 /* ViewController.swift */; };
		DD4DF9B521440E55002B1EF4 /* Main.storyboard in Resources */ = {isa = PBXBuildFile; fileRef = DD4DF9B321440E55002B1EF4 /* Main.storyboard */; };
		DD4DF9B721440E57002B1EF4 /* Assets.xcassets in Resources */ = {isa = PBXBuildFile; fileRef = DD4DF9B621440E57002B1EF4 /* Assets.xcassets */; };
		DD4DF9BA21440E57002B1EF4 /* LaunchScreen.storyboard in Resources */ = {isa = PBXBuildFile; fileRef = DD4DF9B821440E57002B1EF4 /* LaunchScreen.storyboard */; };
/* End PBXBuildFile section */

/* Begin PBXFileReference section */
		DD025F78214906A3001C46E6 /* mirai.mp4 */ = {isa = PBXFileReference; lastKnownFileType = file; name = mirai.mp4; path = ../../../Desktop/mirai.mp4; sourceTree = "<group>"; };
		DD4DF9AC21440E55002B1EF4 /* MiraiDatePicker.app */ = {isa = PBXFileReference; explicitFileType = wrapper.application; includeInIndex = 0; path = MiraiDatePicker.app; sourceTree = BUILT_PRODUCTS_DIR; };
		DD4DF9AF21440E55002B1EF4 /* AppDelegate.swift */ = {isa = PBXFileReference; lastKnownFileType = sourcecode.swift; path = AppDelegate.swift; sourceTree = "<group>"; };
		DD4DF9B121440E55002B1EF4 /* ViewController.swift */ = {isa = PBXFileReference; lastKnownFileType = sourcecode.swift; path = ViewController.swift; sourceTree = "<group>"; };
		DD4DF9B421440E55002B1EF4 /* Base */ = {isa = PBXFileReference; lastKnownFileType = file.storyboard; name = Base; path = Base.lproj/Main.storyboard; sourceTree = "<group>"; };
		DD4DF9B621440E57002B1EF4 /* Assets.xcassets */ = {isa = PBXFileReference; lastKnownFileType = folder.assetcatalog; path = Assets.xcassets; sourceTree = "<group>"; };
		DD4DF9B921440E57002B1EF4 /* Base */ = {isa = PBXFileReference; lastKnownFileType = file.storyboard; name = Base; path = Base.lproj/LaunchScreen.storyboard; sourceTree = "<group>"; };
		DD4DF9BB21440E57002B1EF4 /* Info.plist */ = {isa = PBXFileReference; lastKnownFileType = text.plist.xml; path = Info.plist; sourceTree = "<group>"; };
/* End PBXFileReference section */

/* Begin PBXFrameworksBuildPhase section */
		DD4DF9A921440E55002B1EF4 /* Frameworks */ = {
			isa = PBXFrameworksBuildPhase;
			buildActionMask = 2147483647;
			files = (
			);
			runOnlyForDeploymentPostprocessing = 0;
		};
/* End PBXFrameworksBuildPhase section */

/* Begin PBXGroup section */
		DD4DF9A321440E55002B1EF4 = {
			isa = PBXGroup;
			children = (
				DD4DF9AE21440E55002B1EF4 /* MiraiDatePicker */,
				DD4DF9AD21440E55002B1EF4 /* Products */,
			);
			sourceTree = "<group>";
		};
		DD4DF9AD21440E55002B1EF4 /* Products */ = {
			isa = PBXGroup;
			children = (
				DD4DF9AC21440E55002B1EF4 /* MiraiDatePicker.app */,
			);
			name = Products;
			sourceTree = "<group>";
		};
		DD4DF9AE21440E55002B1EF4 /* MiraiDatePicker */ = {
			isa = PBXGroup;
			children = (
				DD025F78214906A3001C46E6 /* mirai.mp4 */,
				DD4DF9AF21440E55002B1EF4 /* AppDelegate.swift */,
				DD4DF9B121440E55002B1EF4 /* ViewController.swift */,
				DD4DF9B321440E55002B1EF4 /* Main.storyboard */,
				DD4DF9B621440E57002B1EF4 /* Assets.xcassets */,
				DD4DF9B821440E57002B1EF4 /* LaunchScreen.storyboard */,
				DD4DF9BB21440E57002B1EF4 /* Info.plist */,
			);
			path = MiraiDatePicker;
			sourceTree = "<group>";
		};
/* End PBXGroup section */

/* Begin PBXNativeTarget section */
		DD4DF9AB21440E55002B1EF4 /* MiraiDatePicker */ = {
			isa = PBXNativeTarget;
			buildConfigurationList = DD4DF9BE21440E57002B1EF4 /* Build configuration list for PBXNativeTarget "MiraiDatePicker" */;
			buildPhases = (
				DD4DF9A821440E55002B1EF4 /* Sources */,
				DD4DF9A921440E55002B1EF4 /* Frameworks */,
				DD4DF9AA21440E55002B1EF4 /* Resources */,
			);
			buildRules = (
			);
			dependencies = (
			);
			name = MiraiDatePicker;
			productName = MiraiDatePicker;
			productReference = DD4DF9AC21440E55002B1EF4 /* MiraiDatePicker.app */;
			productType = "com.apple.product-type.application";
		};
/* End PBXNativeTarget section */

/* Begin PBXProject section */
		DD4DF9A421440E55002B1EF4 /* Project object */ = {
			isa = PBXProject;
			attributes = {
				LastSwiftUpdateCheck = 0940;
				LastUpgradeCheck = 0940;
				ORGANIZATIONNAME = "Chang Sophia";
				TargetAttributes = {
					DD4DF9AB21440E55002B1EF4 = {
						CreatedOnToolsVersion = 9.4.1;
					};
				};
			};
			buildConfigurationList = DD4DF9A721440E55002B1EF4 /* Build configuration list for PBXProject "MiraiDatePicker" */;
			compatibilityVersion = "Xcode 9.3";
			developmentRegion = en;
			hasScannedForEncodings = 0;
			knownRegions = (
				en,
				Base,
			);
			mainGroup = DD4DF9A321440E55002B1EF4;
			productRefGroup = DD4DF9AD21440E55002B1EF4 /* Products */;
			projectDirPath = "";
			projectRoot = "";
			targets = (
				DD4DF9AB21440E55002B1EF4 /* MiraiDatePicker */,
			);
		};
/* End PBXProject section */

/* Begin PBXResourcesBuildPhase section */
		DD4DF9AA21440E55002B1EF4 /* Resources */ = {
			isa = PBXResourcesBuildPhase;
			buildActionMask = 2147483647;
			files = (
				DD4DF9BA21440E57002B1EF4 /* LaunchScreen.storyboard in Resources */,
				DD4DF9B721440E57002B1EF4 /* Assets.xcassets in Resources */,
				DD025F79214906A3001C46E6 /* mirai.mp4 in Resources */,
				DD4DF9B521440E55002B1EF4 /* Main.storyboard in Resources */,
			);
			runOnlyForDeploymentPostprocessing = 0;
		};
/* End PBXResourcesBuildPhase section */

/* Begin PBXSourcesBuildPhase section */
		DD4DF9A821440E55002B1EF4 /* Sources */ = {
			isa = PBXSourcesBuildPhase;
			buildActionMask = 2147483647;
			files = (
				DD4DF9B221440E55002B1EF4 /* ViewController.swift in Sources */,
				DD4DF9B021440E55002B1EF4 /* AppDelegate.swift in Sources */,
			);
			runOnlyForDeploymentPostprocessing = 0;
		};
/* End PBXSourcesBuildPhase section */

/* Begin PBXVariantGroup section */
		DD4DF9B321440E55002B1EF4 /* Main.storyboard */ = {
			isa = PBXVariantGroup;
			children = (
				DD4DF9B421440E55002B1EF4 /* Base */,
			);
			name = Main.storyboard;
			sourceTree = "<group>";
		};
		DD4DF9B821440E57002B1EF4 /* LaunchScreen.storyboard */ = {
			isa = PBXVariantGroup;
			children = (
				DD4DF9B921440E57002B1EF4 /* Base */,
			);
			name = LaunchScreen.storyboard;
			sourceTree = "<group>";
		};
/* End PBXVariantGroup section */

/* Begin XCBuildConfiguration section */
		DD4DF9BC21440E57002B1EF4 /* Debug */ = {
			isa = XCBuildConfiguration;
			buildSettings = {
				ALWAYS_SEARCH_USER_PATHS = NO;
				CLANG_ANALYZER_NONNULL = YES;
				CLANG_ANALYZER_NUMBER_OBJECT_CONVERSION = YES_AGGRESSIVE;
				CLANG_CXX_LANGUAGE_STANDARD = "gnu++14";
				CLANG_CXX_LIBRARY = "libc++";
				CLANG_ENABLE_MODULES = YES;
				CLANG_ENABLE_OBJC_ARC = YES;
				CLANG_ENABLE_OBJC_WEAK = YES;
				CLANG_WARN_BLOCK_CAPTURE_AUTORELEASING = YES;
				CLANG_WARN_BOOL_CONVERSION = YES;
				CLANG_WARN_COMMA = YES;
				CLANG_WARN_CONSTANT_CONVERSION = YES;
				CLANG_WARN_DEPRECATED_OBJC_IMPLEMENTATIONS = YES;
				CLANG_WARN_DIRECT_OBJC_ISA_USAGE = YES_ERROR;
				CLANG_WARN_DOCUMENTATION_COMMENTS = YES;
				CLANG_WARN_EMPTY_BODY = YES;
				CLANG_WARN_ENUM_CONVERSION = YES;
				CLANG_WARN_INFINITE_RECURSION = YES;
				CLANG_WARN_INT_CONVERSION = YES;
				CLANG_WARN_NON_LITERAL_NULL_CONVERSION = YES;
				CLANG_WARN_OBJC_IMPLICIT_RETAIN_SELF = YES;
				CLANG_WARN_OBJC_LITERAL_CONVERSION = YES;
				CLANG_WARN_OBJC_ROOT_CLASS = YES_ERROR;
				CLANG_WARN_RANGE_LOOP_ANALYSIS = YES;
				CLANG_WARN_STRICT_PROTOTYPES = YES;
				CLANG_WARN_SUSPICIOUS_MOVE = YES;
				CLANG_WARN_UNGUARDED_AVAILABILITY = YES_AGGRESSIVE;
				CLANG_WARN_UNREACHABLE_CODE = YES;
				CLANG_WARN__DUPLICATE_METHOD_MATCH = YES;
				CODE_SIGN_IDENTITY = "iPhone Developer";
				COPY_PHASE_STRIP = NO;
				DEBUG_INFORMATION_FORMAT = dwarf;
				ENABLE_STRICT_OBJC_MSGSEND = YES;
				ENABLE_TESTABILITY = YES;
				GCC_C_LANGUAGE_STANDARD = gnu11;
				GCC_DYNAMIC_NO_PIC = NO;
				GCC_NO_COMMON_BLOCKS = YES;
				GCC_OPTIMIZATION_LEVEL = 0;
				GCC_PREPROCESSOR_DEFINITIONS = (
					"DEBUG=1",
					"$(inherited)",
				);
				GCC_WARN_64_TO_32_BIT_CONVERSION = YES;
				GCC_WARN_ABOUT_RETURN_TYPE = YES_ERROR;
				GCC_WARN_UNDECLARED_SELECTOR = YES;
				GCC_WARN_UNINITIALIZED_AUTOS = YES_AGGRESSIVE;
				GCC_WARN_UNUSED_FUNCTION = YES;
				GCC_WARN_UNUSED_VARIABLE = YES;
				IPHONEOS_DEPLOYMENT_TARGET = 11.4;
				MTL_ENABLE_DEBUG_INFO = YES;
				ONLY_ACTIVE_ARCH = YES;
				SDKROOT = iphoneos;
				SWIFT_ACTIVE_COMPILATION_CONDITIONS = DEBUG;
				SWIFT_OPTIMIZATION_LEVEL = "-Onone";
			};
			name = Debug;
		};
		DD4DF9BD21440E57002B1EF4 /* Release */ = {
			isa = XCBuildConfiguration;
			buildSettings = {
				ALWAYS_SEARCH_USER_PATHS = NO;
				CLANG_ANALYZER_NONNULL = YES;
				CLANG_ANALYZER_NUMBER_OBJECT_CONVERSION = YES_AGGRESSIVE;
				CLANG_CXX_LANGUAGE_STANDARD = "gnu++14";
				CLANG_CXX_LIBRARY = "libc++";
				CLANG_ENABLE_MODULES = YES;
				CLANG_ENABLE_OBJC_ARC = YES;
				CLANG_ENABLE_OBJC_WEAK = YES;
				CLANG_WARN_BLOCK_CAPTURE_AUTORELEASING = YES;
				CLANG_WARN_BOOL_CONVERSION = YES;
				CLANG_WARN_COMMA = YES;
				CLANG_WARN_CONSTANT_CONVERSION = YES;
				CLANG_WARN_DEPRECATED_OBJC_IMPLEMENTATIONS = YES;
				CLANG_WARN_DIRECT_OBJC_ISA_USAGE = YES_ERROR;
				CLANG_WARN_DOCUMENTATION_COMMENTS = YES;
				CLANG_WARN_EMPTY_BODY = YES;
				CLANG_WARN_ENUM_CONVERSION = YES;
				CLANG_WARN_INFINITE_RECURSION = YES;
				CLANG_WARN_INT_CONVERSION = YES;
				CLANG_WARN_NON_LITERAL_NULL_CONVERSION = YES;
				CLANG_WARN_OBJC_IMPLICIT_RETAIN_SELF = YES;
				CLANG_WARN_OBJC_LITERAL_CONVERSION = YES;
				CLANG_WARN_OBJC_ROOT_CLASS = YES_ERROR;
				CLANG_WARN_RANGE_LOOP_ANALYSIS = YES;
				CLANG_WARN_STRICT_PROTOTYPES = YES;
				CLANG_WARN_SUSPICIOUS_MOVE = YES;
				CLANG_WARN_UNGUARDED_AVAILABILITY = YES_AGGRESSIVE;
				CLANG_WARN_UNREACHABLE_CODE = YES;
				CLANG_WARN__DUPLICATE_METHOD_MATCH = YES;
				CODE_SIGN_IDENTITY = "iPhone Developer";
				COPY_PHASE_STRIP = NO;
				DEBUG_INFORMATION_FORMAT = "dwarf-with-dsym";
				ENABLE_NS_ASSERTIONS = NO;
				ENABLE_STRICT_OBJC_MSGSEND = YES;
				GCC_C_LANGUAGE_STANDARD = gnu11;
				GCC_NO_COMMON_BLOCKS = YES;
				GCC_WARN_64_TO_32_BIT_CONVERSION = YES;
				GCC_WARN_ABOUT_RETURN_TYPE = YES_ERROR;
				GCC_WARN_UNDECLARED_SELECTOR = YES;
				GCC_WARN_UNINITIALIZED_AUTOS = YES_AGGRESSIVE;
				GCC_WARN_UNUSED_FUNCTION = YES;
				GCC_WARN_UNUSED_VARIABLE = YES;
				IPHONEOS_DEPLOYMENT_TARGET = 11.4;
				MTL_ENABLE_DEBUG_INFO = NO;
				SDKROOT = iphoneos;
				SWIFT_COMPILATION_MODE = wholemodule;
				SWIFT_OPTIMIZATION_LEVEL = "-O";
				VALIDATE_PRODUCT = YES;
			};
			name = Release;
		};
		DD4DF9BF21440E57002B1EF4 /* Debug */ = {
			isa = XCBuildConfiguration;
			buildSettings = {
				ASSETCATALOG_COMPILER_APPICON_NAME = AppIcon;
				CODE_SIGN_STYLE = Automatic;
				DEVELOPMENT_TEAM = 3M66U64HQ4;
				INFOPLIST_FILE = MiraiDatePicker/Info.plist;
				LD_RUNPATH_SEARCH_PATHS = (
					"$(inherited)",
					"@executable_path/Frameworks",
				);
				PRODUCT_BUNDLE_IDENTIFIER = com.gmb728.MiraiDatePicker;
				PRODUCT_NAME = "$(TARGET_NAME)";
				SWIFT_VERSION = 4.0;
				TARGETED_DEVICE_FAMILY = "1,2";
			};
			name = Debug;
		};
		DD4DF9C021440E57002B1EF4 /* Release */ = {
			isa = XCBuildConfiguration;
			buildSettings = {
				ASSETCATALOG_COMPILER_APPICON_NAME = AppIcon;
				CODE_SIGN_STYLE = Automatic;
				DEVELOPMENT_TEAM = 3M66U64HQ4;
				INFOPLIST_FILE = MiraiDatePicker/Info.plist;
				LD_RUNPATH_SEARCH_PATHS = (
					"$(inherited)",
					"@executable_path/Frameworks",
				);
				PRODUCT_BUNDLE_IDENTIFIER = com.gmb728.MiraiDatePicker;
				PRODUCT_NAME = "$(TARGET_NAME)";
				SWIFT_VERSION = 4.0;
				TARGETED_DEVICE_FAMILY = "1,2";
			};
			name = Release;
		};
/* End XCBuildConfiguration section */

/* Begin XCConfigurationList section */
		DD4DF9A721440E55002B1EF4 /* Build configuration list for PBXProject "MiraiDatePicker" */ = {
			isa = XCConfigurationList;
			buildConfigurations = (
				DD4DF9BC21440E57002B1EF4 /* Debug */,
				DD4DF9BD21440E57002B1EF4 /* Release */,
			);
			defaultConfigurationIsVisible = 0;
			defaultConfigurationName = Release;
		};
		DD4DF9BE21440E57002B1EF4 /* Build configuration list for PBXNativeTarget "MiraiDatePicker" */ = {
			isa = XCConfigurationList;
			buildConfigurations = (
				DD4DF9BF21440E57002B1EF4 /* Debug */,
				DD4DF9C021440E57002B1EF4 /* Release */,
			);
			defaultConfigurationIsVisible = 0;
			defaultConfigurationName = Release;
		};
/* End XCConfigurationList section */
	};
	rootObject = DD4DF9A421440E55002B1EF4 /* Project object */;
}
